
Microsoft Visual Studio Solution File, Format Version 12.00
# Visual Studio Version 16
VisualStudioVersion = 16.0.30011.22
MinimumVisualStudioVersion = 10.0.40219.1
Project("{FAE04EC0-301F-11D3-BF4B-00C04F79EFBC}") = "SamplesNet", "SamplesNet.csproj", "{DBA848BD-5E46-4782-A107-B950C626F105}"
EndProject
Global
	GlobalSection(SolutionConfigurationPlatforms) = preSolution
		Debug|Any CPU = Debug|Any CPU
		Release|Any CPU = Release|Any CPU
	EndGlobalSection
	GlobalSection(ProjectConfigurationPlatforms) = postSolution
		{DBA848BD-5E46-4782-A107-B950C626F105}.Debug|Any CPU.ActiveCfg = Debug|Any CPU
		{DBA848BD-5E46-4782-A107-B950C626F105}.Debug|Any CPU.Build.0 = Debug|Any CPU
		{DBA848BD-5E46-4782-A107-B950C626F105}.Release|Any CPU.ActiveCfg = Release|Any CPU
		{DBA848BD-5E46-4782-A107-B950C626F105}.Release|Any CPU.Build.0 = Release|Any CPU
	EndGlobalSection
	GlobalSection(SolutionProperties) = preSolution
		HideSolutionNode = FALSE
	EndGlobalSection
	GlobalSection(ExtensibilityGlobals) = postSolution
		SolutionGuid = {E2A9C4B8-B1F4-4485-B0A0-EE60D9FF33F1}
	EndGlobalSection
EndGlobal
